{
  "name": "finance-desktop-browser-tools",
  "version": "0.1.0",
  "lockfileVersion": 3,
  "requires": true,
  "packages": {
    "": {
      "name": "finance-desktop-browser-tools",
      "version": "0.1.0",
      "dependencies": {
        "chrome-devtools-mcp": "1.10.1"
      }
    },
    "node_modules/chrome-devtools-mcp": {
      "version": "1.10.1",
      "resolved": "https://registry.npmjs.org/chrome-devtools-mcp/-/chrome-devtools-mcp-1.10.1.tgz",
      "integrity": "sha512-Klw6HWDqHC/XS1JwZldd2r49aUhbUJN9m9Mvcx4SEueIPXtzuQX+QelxAViobv8YUkDZ7HWDrmViR6LeYK0wAw==",
      "license": "Apache-2.0",
      "bin": {
        "chrome-devtools": "build/src/bin/chrome-devtools.js",
        "chrome-devtools-mcp": "build/src/bin/chrome-devtools-mcp.js"
      },
      "engines": {
        "node": "^20.19.0 || ^22.12.0 || >=23"
      },
      "peerDependencies": {
        "@blackwell-systems/gcf": "^2.2.2",
        "@toon-format/toon": "^4.1.0"
      },
      "peerDependenciesMeta": {
        "@blackwell-systems/gcf": {
          "optional": true
        },
        "@toon-format/toon": {
          "optional": true
        }
      }
    }
  }
}
